
Microsoft Visual Studio Solution File, Format Version 12.00
# Visual Studio Version 17
VisualStudioVersion = 17.3.32825.248
MinimumVisualStudioVersion = 10.0.40219.1
Project("{54A90642-561A-4BB1-A94E-469ADEE60C69}") = "client", "Client\client.esproj", "{F2A227C9-253E-4748-AF6A-B4F9A0398DD0}"
EndProject
Global
	GlobalSection(SolutionConfigurationPlatforms) = preSolution
		Debug|Any CPU = Debug|Any CPU
		Release|Any CPU = Release|Any CPU
	EndGlobalSection
	GlobalSection(ProjectConfigurationPlatforms) = postSolution
		{F2A227C9-253E-4748-AF6A-B4F9A0398DD0}.Debug|Any CPU.ActiveCfg = Debug|Any CPU
		{F2A227C9-253E-4748-AF6A-B4F9A0398DD0}.Debug|Any CPU.Build.0 = Debug|Any CPU
		{F2A227C9-253E-4748-AF6A-B4F9A0398DD0}.Debug|Any CPU.Deploy.0 = Debug|Any CPU
		{F2A227C9-253E-4748-AF6A-B4F9A0398DD0}.Release|Any CPU.ActiveCfg = Release|Any CPU
		{F2A227C9-253E-4748-AF6A-B4F9A0398DD0}.Release|Any CPU.Build.0 = Release|Any CPU
		{F2A227C9-253E-4748-AF6A-B4F9A0398DD0}.Release|Any CPU.Deploy.0 = Release|Any CPU
	EndGlobalSection
	GlobalSection(SolutionProperties) = preSolution
		HideSolutionNode = FALSE
	EndGlobalSection
	GlobalSection(ExtensibilityGlobals) = postSolution
		SolutionGuid = {908CA0DD-A176-4E1A-B255-EC6E2DD2A398}
	EndGlobalSection
EndGlobal
