
Microsoft Visual Studio Solution File, Format Version 12.00
Project("{FAE04EC0-301F-11D3-BF4B-00C04F79EFBC}") = "SubscriptionService", "SubscriptionService.csproj", "{1B23C68E-6726-4238-926F-932AE15F12F4}"
EndProject
Global
	GlobalSection(SolutionConfigurationPlatforms) = preSolution
		Debug|Any CPU = Debug|Any CPU
		Release|Any CPU = Release|Any CPU
	EndGlobalSection
	GlobalSection(ProjectConfigurationPlatforms) = postSolution
		{1B23C68E-6726-4238-926F-932AE15F12F4}.Debug|Any CPU.ActiveCfg = Debug|Any CPU
		{1B23C68E-6726-4238-926F-932AE15F12F4}.Debug|Any CPU.Build.0 = Debug|Any CPU
		{1B23C68E-6726-4238-926F-932AE15F12F4}.Release|Any CPU.ActiveCfg = Release|Any CPU
		{1B23C68E-6726-4238-926F-932AE15F12F4}.Release|Any CPU.Build.0 = Release|Any CPU
	EndGlobalSection
EndGlobal
